
Microsoft Visual Studio Solution File, Format Version 12.00
# Visual Studio 15
VisualStudioVersion = 15.0.27130.2010
MinimumVisualStudioVersion = 10.0.40219.1
Project("{FAE04EC0-301F-11D3-BF4B-00C04F79EFBC}") = "Cli", "Cli\Cli.csproj", "{312B0C5C-B6C0-4136-80E4-497E4F61F677}"
EndProject
Global
	GlobalSection(SolutionConfigurationPlatforms) = preSolution
		Debug|Any CPU = Debug|Any CPU
		Release|Any CPU = Release|Any CPU
	EndGlobalSection
	GlobalSection(ProjectConfigurationPlatforms) = postSolution
		{312B0C5C-B6C0-4136-80E4-497E4F61F677}.Debug|Any CPU.ActiveCfg = Debug|Any CPU
		{312B0C5C-B6C0-4136-80E4-497E4F61F677}.Debug|Any CPU.Build.0 = Debug|Any CPU
		{312B0C5C-B6C0-4136-80E4-497E4F61F677}.Release|Any CPU.ActiveCfg = Release|Any CPU
		{312B0C5C-B6C0-4136-80E4-497E4F61F677}.Release|Any CPU.Build.0 = Release|Any CPU
	EndGlobalSection
	GlobalSection(SolutionProperties) = preSolution
		HideSolutionNode = FALSE
	EndGlobalSection
	GlobalSection(ExtensibilityGlobals) = postSolution
		SolutionGuid = {D491675C-DD49-4F9D-931D-75A2D4AF01CE}
	EndGlobalSection
EndGlobal
