
Microsoft Visual Studio Solution File, Format Version 12.00
# Visual Studio 15
VisualStudioVersion = 15.0.27130.2010
MinimumVisualStudioVersion = 10.0.40219.1
Project("{FAE04EC0-301F-11D3-BF4B-00C04F79EFBC}") = "Cli", "Cli\Cli.csproj", "{1E838F26-28AA-499B-B4E0-7B3BD027EB4C}"
EndProject
Global
	GlobalSection(SolutionConfigurationPlatforms) = preSolution
		Debug|Any CPU = Debug|Any CPU
		Release|Any CPU = Release|Any CPU
	EndGlobalSection
	GlobalSection(ProjectConfigurationPlatforms) = postSolution
		{1E838F26-28AA-499B-B4E0-7B3BD027EB4C}.Debug|Any CPU.ActiveCfg = Debug|Any CPU
		{1E838F26-28AA-499B-B4E0-7B3BD027EB4C}.Debug|Any CPU.Build.0 = Debug|Any CPU
		{1E838F26-28AA-499B-B4E0-7B3BD027EB4C}.Release|Any CPU.ActiveCfg = Release|Any CPU
		{1E838F26-28AA-499B-B4E0-7B3BD027EB4C}.Release|Any CPU.Build.0 = Release|Any CPU
	EndGlobalSection
	GlobalSection(SolutionProperties) = preSolution
		HideSolutionNode = FALSE
	EndGlobalSection
	GlobalSection(ExtensibilityGlobals) = postSolution
		SolutionGuid = {D491675C-DD49-4F9D-931D-75A2D4AF01CE}
	EndGlobalSection
EndGlobal
